
Microsoft Visual Studio Solution File, Format Version 12.00
# Visual Studio Version 17
VisualStudioVersion = 17.12.35527.113 d17.12
MinimumVisualStudioVersion = 10.0.40219.1
Project("{FAE04EC0-301F-11D3-BF4B-00C04F79EFBC}") = "LibraryManagementSystemForPatika", "LibraryManagementSystemForPatika.csproj", "{FF75C161-9278-4B14-A9BB-1F9F548AC8F7}"
EndProject
Global
	GlobalSection(SolutionConfigurationPlatforms) = preSolution
		Debug|Any CPU = Debug|Any CPU
		Release|Any CPU = Release|Any CPU
	EndGlobalSection
	GlobalSection(ProjectConfigurationPlatforms) = postSolution
		{FF75C161-9278-4B14-A9BB-1F9F548AC8F7}.Debug|Any CPU.ActiveCfg = Debug|Any CPU
		{FF75C161-9278-4B14-A9BB-1F9F548AC8F7}.Debug|Any CPU.Build.0 = Debug|Any CPU
		{FF75C161-9278-4B14-A9BB-1F9F548AC8F7}.Release|Any CPU.ActiveCfg = Release|Any CPU
		{FF75C161-9278-4B14-A9BB-1F9F548AC8F7}.Release|Any CPU.Build.0 = Release|Any CPU
	EndGlobalSection
	GlobalSection(SolutionProperties) = preSolution
		HideSolutionNode = FALSE
	EndGlobalSection
EndGlobal
